
Microsoft Visual Studio Solution File, Format Version 12.00
# Visual Studio Version 16
VisualStudioVersion = 16.0.31729.503
MinimumVisualStudioVersion = 10.0.40219.1
Project("{2150E333-8FDC-42A3-9474-1A3956D46DE8}") = "Services", "Services", "{7921A0D4-DA78-4D70-ABFC-A0C18E11A5EC}"
EndProject
Project("{2150E333-8FDC-42A3-9474-1A3956D46DE8}") = "Catalog", "Catalog", "{40F98717-E380-46D6-ABAE-9AAA7AD42734}"
EndProject
Project("{9A19103F-16F7-4668-BE54-9A1E7A4F7556}") = "Catalog.API", "Services\Catalog\Catalog.API\Catalog.API.csproj", "{0425F573-1D6C-44A0-B72F-3C793C46A349}"
EndProject
Project("{E53339B2-1760-4266-BCC7-CA923CBCF16C}") = "docker-compose", "docker-compose.dcproj", "{D874D7F5-7BDF-4797-9190-B9765B8D18B0}"
EndProject
Project("{2150E333-8FDC-42A3-9474-1A3956D46DE8}") = "Basket", "Basket", "{CFDDD50F-3738-41CE-8A9C-85FA49B3903B}"
EndProject
Project("{9A19103F-16F7-4668-BE54-9A1E7A4F7556}") = "Basket.API", "Services\Basket\Basket.API\Basket.API.csproj", "{541A256D-AB34-4AC4-B9DB-9A8FD4237157}"
EndProject
Project("{2150E333-8FDC-42A3-9474-1A3956D46DE8}") = "Discount", "Discount", "{71516F64-DF78-4A9A-A8FF-07B74B67815F}"
EndProject
Project("{9A19103F-16F7-4668-BE54-9A1E7A4F7556}") = "Discount.API", "Services\Discount\Discount.API\Discount.API.csproj", "{B04754B3-CC50-44E5-AEBC-51BF11156087}"
EndProject
Project("{9A19103F-16F7-4668-BE54-9A1E7A4F7556}") = "Discount.Grpc", "Services\Discount\Discount.Grpc\Discount.Grpc.csproj", "{83C6B500-AC64-4B9B-B6A7-251F98B1B6F5}"
EndProject
Project("{2150E333-8FDC-42A3-9474-1A3956D46DE8}") = "Ordering", "Ordering", "{CB4120D1-C018-4C0E-9DB1-CB70A8817231}"
EndProject
Project("{9A19103F-16F7-4668-BE54-9A1E7A4F7556}") = "Ordering.API", "Services\Ordering\Ordering.API\Ordering.API.csproj", "{8A2449D4-CD3B-422D-ACBD-7C8F463BE7EA}"
EndProject
Project("{9A19103F-16F7-4668-BE54-9A1E7A4F7556}") = "Ordering.Domain", "Services\Ordering\Ordering.Domain\Ordering.Domain.csproj", "{A9AB39E6-483F-436C-8961-9B3DBD355D8D}"
EndProject
Project("{9A19103F-16F7-4668-BE54-9A1E7A4F7556}") = "Ordering.Application", "Services\Ordering\Ordering.Application\Ordering.Application.csproj", "{DCEF5C32-E1E9-432A-9A94-C193BC50A179}"
EndProject
Project("{9A19103F-16F7-4668-BE54-9A1E7A4F7556}") = "Ordering.Infrastructure", "Services\Ordering\Ordering.Infrastructure\Ordering.Infrastructure.csproj", "{36A81527-82F8-4C5B-8EFA-F2968FFEF870}"
EndProject
Project("{2150E333-8FDC-42A3-9474-1A3956D46DE8}") = "BuildingBlocks", "BuildingBlocks", "{BB6BDEB2-CEAD-4696-81E5-2103B11B07B7}"
EndProject
Project("{FAE04EC0-301F-11D3-BF4B-00C04F79EFBC}") = "EventBus.Messages", "BuildingBlocks\EventBus.Messages\EventBus.Messages.csproj", "{B1513F57-EA97-48AF-ADFA-64AD329B2633}"
EndProject
Global
	GlobalSection(SolutionConfigurationPlatforms) = preSolution
		Debug|Any CPU = Debug|Any CPU
		Release|Any CPU = Release|Any CPU
	EndGlobalSection
	GlobalSection(ProjectConfigurationPlatforms) = postSolution
		{0425F573-1D6C-44A0-B72F-3C793C46A349}.Debug|Any CPU.ActiveCfg = Debug|Any CPU
		{0425F573-1D6C-44A0-B72F-3C793C46A349}.Debug|Any CPU.Build.0 = Debug|Any CPU
		{0425F573-1D6C-44A0-B72F-3C793C46A349}.Release|Any CPU.ActiveCfg = Release|Any CPU
		{0425F573-1D6C-44A0-B72F-3C793C46A349}.Release|Any CPU.Build.0 = Release|Any CPU
		{D874D7F5-7BDF-4797-9190-B9765B8D18B0}.Debug|Any CPU.ActiveCfg = Debug|Any CPU
		{D874D7F5-7BDF-4797-9190-B9765B8D18B0}.Debug|Any CPU.Build.0 = Debug|Any CPU
		{D874D7F5-7BDF-4797-9190-B9765B8D18B0}.Release|Any CPU.ActiveCfg = Release|Any CPU
		{D874D7F5-7BDF-4797-9190-B9765B8D18B0}.Release|Any CPU.Build.0 = Release|Any CPU
		{541A256D-AB34-4AC4-B9DB-9A8FD4237157}.Debug|Any CPU.ActiveCfg = Debug|Any CPU
		{541A256D-AB34-4AC4-B9DB-9A8FD4237157}.Debug|Any CPU.Build.0 = Debug|Any CPU
		{541A256D-AB34-4AC4-B9DB-9A8FD4237157}.Release|Any CPU.ActiveCfg = Release|Any CPU
		{541A256D-AB34-4AC4-B9DB-9A8FD4237157}.Release|Any CPU.Build.0 = Release|Any CPU
		{B04754B3-CC50-44E5-AEBC-51BF11156087}.Debug|Any CPU.ActiveCfg = Debug|Any CPU
		{B04754B3-CC50-44E5-AEBC-51BF11156087}.Debug|Any CPU.Build.0 = Debug|Any CPU
		{B04754B3-CC50-44E5-AEBC-51BF11156087}.Release|Any CPU.ActiveCfg = Release|Any CPU
		{B04754B3-CC50-44E5-AEBC-51BF11156087}.Release|Any CPU.Build.0 = Release|Any CPU
		{83C6B500-AC64-4B9B-B6A7-251F98B1B6F5}.Debug|Any CPU.ActiveCfg = Debug|Any CPU
		{83C6B500-AC64-4B9B-B6A7-251F98B1B6F5}.Debug|Any CPU.Build.0 = Debug|Any CPU
		{83C6B500-AC64-4B9B-B6A7-251F98B1B6F5}.Release|Any CPU.ActiveCfg = Release|Any CPU
		{83C6B500-AC64-4B9B-B6A7-251F98B1B6F5}.Release|Any CPU.Build.0 = Release|Any CPU
		{8A2449D4-CD3B-422D-ACBD-7C8F463BE7EA}.Debug|Any CPU.ActiveCfg = Debug|Any CPU
		{8A2449D4-CD3B-422D-ACBD-7C8F463BE7EA}.Debug|Any CPU.Build.0 = Debug|Any CPU
		{8A2449D4-CD3B-422D-ACBD-7C8F463BE7EA}.Release|Any CPU.ActiveCfg = Release|Any CPU
		{8A2449D4-CD3B-422D-ACBD-7C8F463BE7EA}.Release|Any CPU.Build.0 = Release|Any CPU
		{A9AB39E6-483F-436C-8961-9B3DBD355D8D}.Debug|Any CPU.ActiveCfg = Debug|Any CPU
		{A9AB39E6-483F-436C-8961-9B3DBD355D8D}.Debug|Any CPU.Build.0 = Debug|Any CPU
		{A9AB39E6-483F-436C-8961-9B3DBD355D8D}.Release|Any CPU.ActiveCfg = Release|Any CPU
		{A9AB39E6-483F-436C-8961-9B3DBD355D8D}.Release|Any CPU.Build.0 = Release|Any CPU
		{DCEF5C32-E1E9-432A-9A94-C193BC50A179}.Debug|Any CPU.ActiveCfg = Debug|Any CPU
		{DCEF5C32-E1E9-432A-9A94-C193BC50A179}.Debug|Any CPU.Build.0 = Debug|Any CPU
		{DCEF5C32-E1E9-432A-9A94-C193BC50A179}.Release|Any CPU.ActiveCfg = Release|Any CPU
		{DCEF5C32-E1E9-432A-9A94-C193BC50A179}.Release|Any CPU.Build.0 = Release|Any CPU
		{36A81527-82F8-4C5B-8EFA-F2968FFEF870}.Debug|Any CPU.ActiveCfg = Debug|Any CPU
		{36A81527-82F8-4C5B-8EFA-F2968FFEF870}.Debug|Any CPU.Build.0 = Debug|Any CPU
		{36A81527-82F8-4C5B-8EFA-F2968FFEF870}.Release|Any CPU.ActiveCfg = Release|Any CPU
		{36A81527-82F8-4C5B-8EFA-F2968FFEF870}.Release|Any CPU.Build.0 = Release|Any CPU
		{B1513F57-EA97-48AF-ADFA-64AD329B2633}.Debug|Any CPU.ActiveCfg = Debug|Any CPU
		{B1513F57-EA97-48AF-ADFA-64AD329B2633}.Debug|Any CPU.Build.0 = Debug|Any CPU
		{B1513F57-EA97-48AF-ADFA-64AD329B2633}.Release|Any CPU.ActiveCfg = Release|Any CPU
		{B1513F57-EA97-48AF-ADFA-64AD329B2633}.Release|Any CPU.Build.0 = Release|Any CPU
	EndGlobalSection
	GlobalSection(SolutionProperties) = preSolution
		HideSolutionNode = FALSE
	EndGlobalSection
	GlobalSection(NestedProjects) = preSolution
		{40F98717-E380-46D6-ABAE-9AAA7AD42734} = {7921A0D4-DA78-4D70-ABFC-A0C18E11A5EC}
		{0425F573-1D6C-44A0-B72F-3C793C46A349} = {40F98717-E380-46D6-ABAE-9AAA7AD42734}
		{CFDDD50F-3738-41CE-8A9C-85FA49B3903B} = {7921A0D4-DA78-4D70-ABFC-A0C18E11A5EC}
		{541A256D-AB34-4AC4-B9DB-9A8FD4237157} = {CFDDD50F-3738-41CE-8A9C-85FA49B3903B}
		{71516F64-DF78-4A9A-A8FF-07B74B67815F} = {7921A0D4-DA78-4D70-ABFC-A0C18E11A5EC}
		{B04754B3-CC50-44E5-AEBC-51BF11156087} = {71516F64-DF78-4A9A-A8FF-07B74B67815F}
		{83C6B500-AC64-4B9B-B6A7-251F98B1B6F5} = {71516F64-DF78-4A9A-A8FF-07B74B67815F}
		{CB4120D1-C018-4C0E-9DB1-CB70A8817231} = {7921A0D4-DA78-4D70-ABFC-A0C18E11A5EC}
		{8A2449D4-CD3B-422D-ACBD-7C8F463BE7EA} = {CB4120D1-C018-4C0E-9DB1-CB70A8817231}
		{A9AB39E6-483F-436C-8961-9B3DBD355D8D} = {CB4120D1-C018-4C0E-9DB1-CB70A8817231}
		{DCEF5C32-E1E9-432A-9A94-C193BC50A179} = {CB4120D1-C018-4C0E-9DB1-CB70A8817231}
		{36A81527-82F8-4C5B-8EFA-F2968FFEF870} = {CB4120D1-C018-4C0E-9DB1-CB70A8817231}
		{B1513F57-EA97-48AF-ADFA-64AD329B2633} = {BB6BDEB2-CEAD-4696-81E5-2103B11B07B7}
	EndGlobalSection
	GlobalSection(ExtensibilityGlobals) = postSolution
		SolutionGuid = {B5FCC4C8-0CD0-45ED-8B58-AD309859629A}
	EndGlobalSection
EndGlobal
